
Microsoft Visual Studio Solution File, Format Version 12.00
# Visual Studio Version 17
VisualStudioVersion = 17.6.33723.286
MinimumVisualStudioVersion = 10.0.40219.1
Project("{FAE04EC0-301F-11D3-BF4B-00C04F79EFBC}") = "CityTours", "CityTours\CityTours.csproj", "{FA5E02DD-B8B4-4BFE-885D-1294648D6815}"
EndProject
Global
	GlobalSection(SolutionConfigurationPlatforms) = preSolution
		Debug|Any CPU = Debug|Any CPU
		Release|Any CPU = Release|Any CPU
	EndGlobalSection
	GlobalSection(ProjectConfigurationPlatforms) = postSolution
		{FA5E02DD-B8B4-4BFE-885D-1294648D6815}.Debug|Any CPU.ActiveCfg = Debug|Any CPU
		{FA5E02DD-B8B4-4BFE-885D-1294648D6815}.Debug|Any CPU.Build.0 = Debug|Any CPU
		{FA5E02DD-B8B4-4BFE-885D-1294648D6815}.Release|Any CPU.ActiveCfg = Release|Any CPU
		{FA5E02DD-B8B4-4BFE-885D-1294648D6815}.Release|Any CPU.Build.0 = Release|Any CPU
	EndGlobalSection
	GlobalSection(SolutionProperties) = preSolution
		HideSolutionNode = FALSE
	EndGlobalSection
	GlobalSection(ExtensibilityGlobals) = postSolution
		SolutionGuid = {433F1A2B-2D43-49C6-9BBD-9AE5B701B16F}
	EndGlobalSection
EndGlobal
